
Microsoft Visual Studio Solution File, Format Version 12.00
# Visual Studio Version 17
VisualStudioVersion = 17.7.34202.233
MinimumVisualStudioVersion = 10.0.40219.1
Project("{9A19103F-16F7-4668-BE54-9A1E7A4F7556}") = "Entities", "Entities\Entities.csproj", "{FC1E65FA-97E4-4F1B-8BD6-C6409A2D93AE}"
EndProject
Project("{9A19103F-16F7-4668-BE54-9A1E7A4F7556}") = "DAL", "DAL\DAL.csproj", "{1B81712B-0BE9-4E12-B808-C4250975042E}"
EndProject
Project("{9A19103F-16F7-4668-BE54-9A1E7A4F7556}") = "FrontEnd", "FrontEnd\FrontEnd.csproj", "{04C69886-2001-4CA5-A4FC-E17ACB850820}"
EndProject
Project("{9A19103F-16F7-4668-BE54-9A1E7A4F7556}") = "BackEnd", "BackEnd\BackEnd.csproj", "{546618F2-5E39-4CD8-AF52-D4FCF7F9EAF9}"
EndProject
Global
	GlobalSection(SolutionConfigurationPlatforms) = preSolution
		Debug|Any CPU = Debug|Any CPU
		Release|Any CPU = Release|Any CPU
	EndGlobalSection
	GlobalSection(ProjectConfigurationPlatforms) = postSolution
		{FC1E65FA-97E4-4F1B-8BD6-C6409A2D93AE}.Debug|Any CPU.ActiveCfg = Debug|Any CPU
		{FC1E65FA-97E4-4F1B-8BD6-C6409A2D93AE}.Debug|Any CPU.Build.0 = Debug|Any CPU
		{FC1E65FA-97E4-4F1B-8BD6-C6409A2D93AE}.Release|Any CPU.ActiveCfg = Release|Any CPU
		{FC1E65FA-97E4-4F1B-8BD6-C6409A2D93AE}.Release|Any CPU.Build.0 = Release|Any CPU
		{1B81712B-0BE9-4E12-B808-C4250975042E}.Debug|Any CPU.ActiveCfg = Debug|Any CPU
		{1B81712B-0BE9-4E12-B808-C4250975042E}.Debug|Any CPU.Build.0 = Debug|Any CPU
		{1B81712B-0BE9-4E12-B808-C4250975042E}.Release|Any CPU.ActiveCfg = Release|Any CPU
		{1B81712B-0BE9-4E12-B808-C4250975042E}.Release|Any CPU.Build.0 = Release|Any CPU
		{04C69886-2001-4CA5-A4FC-E17ACB850820}.Debug|Any CPU.ActiveCfg = Debug|Any CPU
		{04C69886-2001-4CA5-A4FC-E17ACB850820}.Debug|Any CPU.Build.0 = Debug|Any CPU
		{04C69886-2001-4CA5-A4FC-E17ACB850820}.Release|Any CPU.ActiveCfg = Release|Any CPU
		{04C69886-2001-4CA5-A4FC-E17ACB850820}.Release|Any CPU.Build.0 = Release|Any CPU
		{546618F2-5E39-4CD8-AF52-D4FCF7F9EAF9}.Debug|Any CPU.ActiveCfg = Debug|Any CPU
		{546618F2-5E39-4CD8-AF52-D4FCF7F9EAF9}.Debug|Any CPU.Build.0 = Debug|Any CPU
		{546618F2-5E39-4CD8-AF52-D4FCF7F9EAF9}.Release|Any CPU.ActiveCfg = Release|Any CPU
		{546618F2-5E39-4CD8-AF52-D4FCF7F9EAF9}.Release|Any CPU.Build.0 = Release|Any CPU
	EndGlobalSection
	GlobalSection(SolutionProperties) = preSolution
		HideSolutionNode = FALSE
	EndGlobalSection
	GlobalSection(ExtensibilityGlobals) = postSolution
		SolutionGuid = {5C06F0F2-4BC9-44C0-8E9C-1C73F13174F7}
	EndGlobalSection
EndGlobal
